
Microsoft Visual Studio Solution File, Format Version 11.00
# Visual C# Express 2010
Project("{FAE04EC0-301F-11D3-BF4B-00C04F79EFBC}") = "Oddmatics-IO", "Oddmatics-IO\Oddmatics-IO.csproj", "{EEA758E7-AFD7-4565-A686-D49EA4528C32}"
EndProject
Global
	GlobalSection(SolutionConfigurationPlatforms) = preSolution
		Debug|Any CPU = Debug|Any CPU
		Release|Any CPU = Release|Any CPU
	EndGlobalSection
	GlobalSection(ProjectConfigurationPlatforms) = postSolution
		{EEA758E7-AFD7-4565-A686-D49EA4528C32}.Debug|Any CPU.ActiveCfg = Debug|Any CPU
		{EEA758E7-AFD7-4565-A686-D49EA4528C32}.Debug|Any CPU.Build.0 = Debug|Any CPU
		{EEA758E7-AFD7-4565-A686-D49EA4528C32}.Release|Any CPU.ActiveCfg = Release|Any CPU
		{EEA758E7-AFD7-4565-A686-D49EA4528C32}.Release|Any CPU.Build.0 = Release|Any CPU
	EndGlobalSection
	GlobalSection(SolutionProperties) = preSolution
		HideSolutionNode = FALSE
	EndGlobalSection
EndGlobal
